lockfileVersion: '9.0'

settings:
  autoInstallPeers: true
  excludeLinksFromLockfile: false

importers:

  .:
    dependencies:
      bootstrap:
        specifier: ^5.3.3
        version: 5.3.8(@popperjs/core@2.11.8)
      chart.js:
        specifier: ^4.4.8
        version: 4.5.1
      jquery:
        specifier: ^3.7.1
        version: 3.7.1
      neobrutalismcss:
        specifier: ^1.0.0
        version: 1.0.0

packages:

  '@kurkle/color@0.3.4':
    resolution: {integrity: sha512-M5UknZPHRu3DEDWoipU6sE8PdkZ6Z/S+v4dD+Ke8IaNlpdSQah50lz1KtcFBa2vsdOnwbbnxJwVM4wty6udA5w==}

  '@popperjs/core@2.11.8':
    resolution: {integrity: sha512-P1st0aksCrn9sGZhp8GMYwBnQsbvAWsZAX44oXNNvLHGqAOcoVxmjZiohstwQ7SqKnbR47akdNi+uleWD8+g6A==}

  bootstrap@5.3.8:
    resolution: {integrity: sha512-HP1SZDqaLDPwsNiqRqi5NcP0SSXciX2s9E+RyqJIIqGo+vJeN5AJVM98CXmW/Wux0nQ5L7jeWUdplCEf0Ee+tg==}
    peerDependencies:
      '@popperjs/core': ^2.11.8

  chart.js@4.5.1:
    resolution: {integrity: sha512-GIjfiT9dbmHRiYi6Nl2yFCq7kkwdkp1W/lp2J99rX0yo9tgJGn3lKQATztIjb5tVtevcBtIdICNWqlq5+E8/Pw==}
    engines: {pnpm: '>=8'}

  jquery@3.7.1:
    resolution: {integrity: sha512-m4avr8yL8kmFN8psrbFFFmB/If14iN5o9nw/NgnnM+kybDJpRsAynV2BsfpTYrTRysYUdADVD7CkUUizgkpLfg==}

  neobrutalismcss@1.0.0:
    resolution: {integrity: sha512-f+eDPFe0553Rc8MDJj4QAYhQa+J30hOeLbEfDmA558h25b5nB5RyGflcLDEm04eIlqs+J8/xQiH0TIMSgCMK0w==}

snapshots:

  '@kurkle/color@0.3.4': {}

  '@popperjs/core@2.11.8': {}

  bootstrap@5.3.8(@popperjs/core@2.11.8):
    dependencies:
      '@popperjs/core': 2.11.8

  chart.js@4.5.1:
    dependencies:
      '@kurkle/color': 0.3.4

  jquery@3.7.1: {}

  neobrutalismcss@1.0.0: {}
